
Microsoft Visual Studio Solution File, Format Version 12.00
# Visual Studio Version 18
VisualStudioVersion = 18.3.11527.330
MinimumVisualStudioVersion = 10.0.40219.1
Project("{FAE04EC0-301F-11D3-BF4B-00C04F79EFBC}") = "kxp_Search", "kxp_Search.csproj", "{754AF608-4B49-E12B-18BC-95F49C7758B9}"
EndProject
Project("{FAE04EC0-301F-11D3-BF4B-00C04F79EFBC}") = "KitX.Shared.CSharp", "C:\Dev\KitX\KitX Standard\KitX Shared\KitX.Shared.CSharp\KitX.Shared.CSharp.csproj", "{C6EDAF1C-3CC5-9109-4602-D17E18C08642}"
EndProject
Project("{FAE04EC0-301F-11D3-BF4B-00C04F79EFBC}") = "KitX.Contract.CSharp", "C:\Dev\KitX\KitX Standard\KitX Contracts\KitX.Contract.CSharp\KitX.Contract.CSharp.csproj", "{A030E51B-5993-B17F-B95B-0A47C2BBA3B1}"
EndProject
Project("{FAE04EC0-301F-11D3-BF4B-00C04F79EFBC}") = "kxp_Search.Test", "kxp_Search.Test\kxp_Search.Test.csproj", "{B942047F-4059-9CA3-938E-ABD2BA9ABED0}"
EndProject
Global
	GlobalSection(SolutionConfigurationPlatforms) = preSolution
		Debug|Any CPU = Debug|Any CPU
		Debug|x64 = Debug|x64
		Debug|x86 = Debug|x86
		Release|Any CPU = Release|Any CPU
		Release|x64 = Release|x64
		Release|x86 = Release|x86
	EndGlobalSection
	GlobalSection(ProjectConfigurationPlatforms) = postSolution
		{754AF608-4B49-E12B-18BC-95F49C7758B9}.Debug|Any CPU.ActiveCfg = Debug|Any CPU
		{754AF608-4B49-E12B-18BC-95F49C7758B9}.Debug|Any CPU.Build.0 = Debug|Any CPU
		{754AF608-4B49-E12B-18BC-95F49C7758B9}.Debug|x64.ActiveCfg = Debug|Any CPU
		{754AF608-4B49-E12B-18BC-95F49C7758B9}.Debug|x64.Build.0 = Debug|Any CPU
		{754AF608-4B49-E12B-18BC-95F49C7758B9}.Debug|x86.ActiveCfg = Debug|Any CPU
		{754AF608-4B49-E12B-18BC-95F49C7758B9}.Debug|x86.Build.0 = Debug|Any CPU
		{754AF608-4B49-E12B-18BC-95F49C7758B9}.Release|Any CPU.ActiveCfg = Release|Any CPU
		{754AF608-4B49-E12B-18BC-95F49C7758B9}.Release|Any CPU.Build.0 = Release|Any CPU
		{754AF608-4B49-E12B-18BC-95F49C7758B9}.Release|x64.ActiveCfg = Release|Any CPU
		{754AF608-4B49-E12B-18BC-95F49C7758B9}.Release|x64.Build.0 = Release|Any CPU
		{754AF608-4B49-E12B-18BC-95F49C7758B9}.Release|x86.ActiveCfg = Release|Any CPU
		{754AF608-4B49-E12B-18BC-95F49C7758B9}.Release|x86.Build.0 = Release|Any CPU
		{C6EDAF1C-3CC5-9109-4602-D17E18C08642}.Debug|Any CPU.ActiveCfg = Debug|Any CPU
		{C6EDAF1C-3CC5-9109-4602-D17E18C08642}.Debug|Any CPU.Build.0 = Debug|Any CPU
		{C6EDAF1C-3CC5-9109-4602-D17E18C08642}.Debug|x64.ActiveCfg = Debug|Any CPU
		{C6EDAF1C-3CC5-9109-4602-D17E18C08642}.Debug|x64.Build.0 = Debug|Any CPU
		{C6EDAF1C-3CC5-9109-4602-D17E18C08642}.Debug|x86.ActiveCfg = Debug|Any CPU
		{C6EDAF1C-3CC5-9109-4602-D17E18C08642}.Debug|x86.Build.0 = Debug|Any CPU
		{C6EDAF1C-3CC5-9109-4602-D17E18C08642}.Release|Any CPU.ActiveCfg = Release|Any CPU
		{C6EDAF1C-3CC5-9109-4602-D17E18C08642}.Release|Any CPU.Build.0 = Release|Any CPU
		{C6EDAF1C-3CC5-9109-4602-D17E18C08642}.Release|x64.ActiveCfg = Release|Any CPU
		{C6EDAF1C-3CC5-9109-4602-D17E18C08642}.Release|x64.Build.0 = Release|Any CPU
		{C6EDAF1C-3CC5-9109-4602-D17E18C08642}.Release|x86.ActiveCfg = Release|Any CPU
		{C6EDAF1C-3CC5-9109-4602-D17E18C08642}.Release|x86.Build.0 = Release|Any CPU
		{A030E51B-5993-B17F-B95B-0A47C2BBA3B1}.Debug|Any CPU.ActiveCfg = Debug|Any CPU
		{A030E51B-5993-B17F-B95B-0A47C2BBA3B1}.Debug|Any CPU.Build.0 = Debug|Any CPU
		{A030E51B-5993-B17F-B95B-0A47C2BBA3B1}.Debug|x64.ActiveCfg = Debug|Any CPU
		{A030E51B-5993-B17F-B95B-0A47C2BBA3B1}.Debug|x64.Build.0 = Debug|Any CPU
		{A030E51B-5993-B17F-B95B-0A47C2BBA3B1}.Debug|x86.ActiveCfg = Debug|Any CPU
		{A030E51B-5993-B17F-B95B-0A47C2BBA3B1}.Debug|x86.Build.0 = Debug|Any CPU
		{A030E51B-5993-B17F-B95B-0A47C2BBA3B1}.Release|Any CPU.ActiveCfg = Release|Any CPU
		{A030E51B-5993-B17F-B95B-0A47C2BBA3B1}.Release|Any CPU.Build.0 = Release|Any CPU
		{A030E51B-5993-B17F-B95B-0A47C2BBA3B1}.Release|x64.ActiveCfg = Release|Any CPU
		{A030E51B-5993-B17F-B95B-0A47C2BBA3B1}.Release|x64.Build.0 = Release|Any CPU
		{A030E51B-5993-B17F-B95B-0A47C2BBA3B1}.Release|x86.ActiveCfg = Release|Any CPU
		{A030E51B-5993-B17F-B95B-0A47C2BBA3B1}.Release|x86.Build.0 = Release|Any CPU
		{B942047F-4059-9CA3-938E-ABD2BA9ABED0}.Debug|Any CPU.ActiveCfg = Debug|Any CPU
		{B942047F-4059-9CA3-938E-ABD2BA9ABED0}.Debug|Any CPU.Build.0 = Debug|Any CPU
		{B942047F-4059-9CA3-938E-ABD2BA9ABED0}.Debug|x64.ActiveCfg = Debug|Any CPU
		{B942047F-4059-9CA3-938E-ABD2BA9ABED0}.Debug|x64.Build.0 = Debug|Any CPU
		{B942047F-4059-9CA3-938E-ABD2BA9ABED0}.Debug|x86.ActiveCfg = Debug|Any CPU
		{B942047F-4059-9CA3-938E-ABD2BA9ABED0}.Debug|x86.Build.0 = Debug|Any CPU
		{B942047F-4059-9CA3-938E-ABD2BA9ABED0}.Release|Any CPU.ActiveCfg = Release|Any CPU
		{B942047F-4059-9CA3-938E-ABD2BA9ABED0}.Release|Any CPU.Build.0 = Release|Any CPU
		{B942047F-4059-9CA3-938E-ABD2BA9ABED0}.Release|x64.ActiveCfg = Release|Any CPU
		{B942047F-4059-9CA3-938E-ABD2BA9ABED0}.Release|x64.Build.0 = Release|Any CPU
		{B942047F-4059-9CA3-938E-ABD2BA9ABED0}.Release|x86.ActiveCfg = Release|Any CPU
		{B942047F-4059-9CA3-938E-ABD2BA9ABED0}.Release|x86.Build.0 = Release|Any CPU
	EndGlobalSection
	GlobalSection(SolutionProperties) = preSolution
		HideSolutionNode = FALSE
	EndGlobalSection
	GlobalSection(ExtensibilityGlobals) = postSolution
		SolutionGuid = {953D473A-F67E-4B9B-B554-287E775099E7}
	EndGlobalSection
EndGlobal
